// !$*UTF8*$!
{
	archiveVersion = 1;
	classes = {
	};
	objectVersion = 46;
	objects = {

/* Begin PBXBuildFile section */
		D78D6EE71D0544860031839F /* MediaPlayer.framework in Frameworks */ = {isa = PBXBuildFile; fileRef = D78D6EE61D0544860031839F /* MediaPlayer.framework */; };
		D78D6EF81D0545800031839F /* 1.mp4 in Resources */ = {isa = PBXBuildFile; fileRef = D78D6EE91D0545800031839F /* 1.mp4 */; };
		D78D6EF91D0545800031839F /* 4_circle.png in Resources */ = {isa = PBXBuildFile; fileRef = D78D6EEA1D0545800031839F /* 4_circle.png */; };
		D78D6EFA1D0545800031839F /* 4_circle@2x.png in Resources */ = {isa = PBXBuildFile; fileRef = D78D6EEB1D0545800031839F /* 4_circle@2x.png */; };
		D78D6EFB1D0545800031839F /* 4_circle_on@2x.png in Resources */ = {isa = PBXBuildFile; fileRef = D78D6EEC1D0545800031839F /* 4_circle_on@2x.png */; };
		D78D6EFC1D0545800031839F /* keep5.png in Resources */ = {isa = PBXBuildFile; fileRef = D78D6EED1D0545800031839F /* keep5.png */; };
		D78D6EFD1D0545800031839F /* keep5@2x.png in Resources */ = {isa = PBXBuildFile; fileRef = D78D6EEE1D0545800031839F /* keep5@2x.png */; };
		D78D6EFE1D0545800031839F /* keep6.png in Resources */ = {isa = PBXBuildFile; fileRef = D78D6EEF1D0545800031839F /* keep6.png */; };
		D78D6EFF1D0545800031839F /* keep6@2x.png in Resources */ = {isa = PBXBuildFile; fileRef = D78D6EF01D0545800031839F /* keep6@2x.png */; };
		D78D6F001D0545800031839F /* keep6plus@3x.png in Resources */ = {isa = PBXBuildFile; fileRef = D78D6EF11D0545800031839F /* keep6plus@3x.png */; };
		D78D6F011D0545800031839F /* keep_logo.png in Resources */ = {isa = PBXBuildFile; fileRef = D78D6EF21D0545800031839F /* keep_logo.png */; };
		D78D6F021D0545800031839F /* keep_logo@2x.png in Resources */ = {isa = PBXBuildFile; fileRef = D78D6EF31D0545800031839F /* keep_logo@2x.png */; };
		D78D6F031D0545800031839F /* keep_logo@3x.png in Resources */ = {isa = PBXBuildFile; fileRef = D78D6EF41D0545800031839F /* keep_logo@3x.png */; };
		D78D6F041D0545800031839F /* keepkeep.png in Resources */ = {isa = PBXBuildFile; fileRef = D78D6EF51D0545800031839F /* keepkeep.png */; };
		D78D6F051D0545800031839F /* keepkeep@2x.png in Resources */ = {isa = PBXBuildFile; fileRef = D78D6EF61D0545800031839F /* keepkeep@2x.png */; };
		D78D6F061D0545800031839F /* keepkeep@3x.png in Resources */ = {isa = PBXBuildFile; fileRef = D78D6EF71D0545800031839F /* keepkeep@3x.png */; };
		D7EB775C1D01203B0031D590 /* main.m in Sources */ = {isa = PBXBuildFile; fileRef = D7EB775B1D01203B0031D590 /* main.m */; };
		D7EB775F1D01203B0031D590 /* AppDelegate.m in Sources */ = {isa = PBXBuildFile; fileRef = D7EB775E1D01203B0031D590 /* AppDelegate.m */; };
		D7EB77621D01203B0031D590 /* ViewController.m in Sources */ = {isa = PBXBuildFile; fileRef = D7EB77611D01203B0031D590 /* ViewController.m */; };
		D7EB77651D01203B0031D590 /* Main.storyboard in Resources */ = {isa = PBXBuildFile; fileRef = D7EB77631D01203B0031D590 /* Main.storyboard */; };
		D7EB77671D01203B0031D590 /* Assets.xcassets in Resources */ = {isa = PBXBuildFile; fileRef = D7EB77661D01203B0031D590 /* Assets.xcassets */; };
		D7EB776A1D01203B0031D590 /* LaunchScreen.storyboard in Resources */ = {isa = PBXBuildFile; fileRef = D7EB77681D01203B0031D590 /* LaunchScreen.storyboard */; };
		D7EB77751D01203B0031D590 /* LunBoTests.m in Sources */ = {isa = PBXBuildFile; fileRef = D7EB77741D01203B0031D590 /* LunBoTests.m */; };
		D7EB77801D01203B0031D590 /* LunBoUITests.m in Sources */ = {isa = PBXBuildFile; fileRef = D7EB777F1D01203B0031D590 /* LunBoUITests.m */; };
/* End PBXBuildFile section */

/* Begin PBXContainerItemProxy section */
		D7EB77711D01203B0031D590 /* PBXContainerItemProxy */ = {
			isa = PBXContainerItemProxy;
			containerPortal = D7EB774F1D01203B0031D590 /* Project object */;
			proxyType = 1;
			remoteGlobalIDString = D7EB77561D01203B0031D590;
			remoteInfo = LunBo;
		};
		D7EB777C1D01203B0031D590 /* PBXContainerItemProxy */ = {
			isa = PBXContainerItemProxy;
			containerPortal = D7EB774F1D01203B0031D590 /* Project object */;
			proxyType = 1;
			remoteGlobalIDString = D7EB77561D01203B0031D590;
			remoteInfo = LunBo;
		};
/* End PBXContainerItemProxy section */

/* Begin PBXFileReference section */
		D78D6EE61D0544860031839F /* MediaPlayer.framework */ = {isa = PBXFileReference; lastKnownFileType = wrapper.framework; name = MediaPlayer.framework; path = System/Library/Frameworks/MediaPlayer.framework; sourceTree = SDKROOT; };
		D78D6EE91D0545800031839F /* 1.mp4 */ = {isa = PBXFileReference; lastKnownFileType = file; path = 1.mp4; sourceTree = "<group>"; };
		D78D6EEA1D0545800031839F /* 4_circle.png */ = {isa = PBXFileReference; lastKnownFileType = image.png; path = 4_circle.png; sourceTree = "<group>"; };
		D78D6EEB1D0545800031839F /* 4_circle@2x.png */ = {isa = PBXFileReference; lastKnownFileType = image.png; path = "4_circle@2x.png"; sourceTree = "<group>"; };
		D78D6EEC1D0545800031839F /* 4_circle_on@2x.png */ = {isa = PBXFileReference; lastKnownFileType = image.png; path = "4_circle_on@2x.png"; sourceTree = "<group>"; };
		D78D6EED1D0545800031839F /* keep5.png */ = {isa = PBXFileReference; lastKnownFileType = image.png; path = keep5.png; sourceTree = "<group>"; };
		D78D6EEE1D0545800031839F /* keep5@2x.png */ = {isa = PBXFileReference; lastKnownFileType = image.png; path = "keep5@2x.png"; sourceTree = "<group>"; };
		D78D6EEF1D0545800031839F /* keep6.png */ = {isa = PBXFileReference; lastKnownFileType = image.png; path = keep6.png; sourceTree = "<group>"; };
		D78D6EF01D0545800031839F /* keep6@2x.png */ = {isa = PBXFileReference; lastKnownFileType = image.png; path = "keep6@2x.png"; sourceTree = "<group>"; };
		D78D6EF11D0545800031839F /* keep6plus@3x.png */ = {isa = PBXFileReference; lastKnownFileType = image.png; path = "keep6plus@3x.png"; sourceTree = "<group>"; };
		D78D6EF21D0545800031839F /* keep_logo.png */ = {isa = PBXFileReference; lastKnownFileType = image.png; path = keep_logo.png; sourceTree = "<group>"; };
		D78D6EF31D0545800031839F /* keep_logo@2x.png */ = {isa = PBXFileReference; lastKnownFileType = image.png; path = "keep_logo@2x.png"; sourceTree = "<group>"; };
		D78D6EF41D0545800031839F /* keep_logo@3x.png */ = {isa = PBXFileReference; lastKnownFileType = image.png; path = "keep_logo@3x.png"; sourceTree = "<group>"; };
		D78D6EF51D0545800031839F /* keepkeep.png */ = {isa = PBXFileReference; lastKnownFileType = image.png; path = keepkeep.png; sourceTree = "<group>"; };
		D78D6EF61D0545800031839F /* keepkeep@2x.png */ = {isa = PBXFileReference; lastKnownFileType = image.png; path = "keepkeep@2x.png"; sourceTree = "<group>"; };
		D78D6EF71D0545800031839F /* keepkeep@3x.png */ = {isa = PBXFileReference; lastKnownFileType = image.png; path = "keepkeep@3x.png"; sourceTree = "<group>"; };
		D7EB77571D01203B0031D590 /* KEEP.app */ = {isa = PBXFileReference; explicitFileType = wrapper.application; includeInIndex = 0; path = KEEP.app; sourceTree = BUILT_PRODUCTS_DIR; };
		D7EB775B1D01203B0031D590 /* main.m */ = {isa = PBXFileReference; lastKnownFileType = sourcecode.c.objc; path = main.m; sourceTree = "<group>"; };
		D7EB775D1D01203B0031D590 /* AppDelegate.h */ = {isa = PBXFileReference; lastKnownFileType = sourcecode.c.h; path = AppDelegate.h; sourceTree = "<group>"; };
		D7EB775E1D01203B0031D590 /* AppDelegate.m */ = {isa = PBXFileReference; lastKnownFileType = sourcecode.c.objc; path = AppDelegate.m; sourceTree = "<group>"; };
		D7EB77601D01203B0031D590 /* ViewController.h */ = {isa = PBXFileReference; lastKnownFileType = sourcecode.c.h; path = ViewController.h; sourceTree = "<group>"; };
		D7EB77611D01203B0031D590 /* ViewController.m */ = {isa = PBXFileReference; lastKnownFileType = sourcecode.c.objc; path = ViewController.m; sourceTree = "<group>"; };
		D7EB77641D01203B0031D590 /* Base */ = {isa = PBXFileReference; lastKnownFileType = file.storyboard; name = Base; path = Base.lproj/Main.storyboard; sourceTree = "<group>"; };
		D7EB77661D01203B0031D590 /* Assets.xcassets */ = {isa = PBXFileReference; lastKnownFileType = folder.assetcatalog; path = Assets.xcassets; sourceTree = "<group>"; };
		D7EB77691D01203B0031D590 /* Base */ = {isa = PBXFileReference; lastKnownFileType = file.storyboard; name = Base; path = Base.lproj/LaunchScreen.storyboard; sourceTree = "<group>"; };
		D7EB776B1D01203B0031D590 /* Info.plist */ = {isa = PBXFileReference; lastKnownFileType = text.plist.xml; path = Info.plist; sourceTree = "<group>"; };
		D7EB77701D01203B0031D590 /* KEEP.xctest */ = {isa = PBXFileReference; explicitFileType = wrapper.cfbundle; includeInIndex = 0; path = KEEP.xctest; sourceTree = BUILT_PRODUCTS_DIR; };
		D7EB77741D01203B0031D590 /* LunBoTests.m */ = {isa = PBXFileReference; lastKnownFileType = sourcecode.c.objc; path = LunBoTests.m; sourceTree = "<group>"; };
		D7EB77761D01203B0031D590 /* Info.plist */ = {isa = PBXFileReference; lastKnownFileType = text.plist.xml; path = Info.plist; sourceTree = "<group>"; };
		D7EB777B1D01203B0031D590 /* KEEP.xctest */ = {isa = PBXFileReference; explicitFileType = wrapper.cfbundle; includeInIndex = 0; path = KEEP.xctest; sourceTree = BUILT_PRODUCTS_DIR; };
		D7EB777F1D01203B0031D590 /* LunBoUITests.m */ = {isa = PBXFileReference; lastKnownFileType = sourcecode.c.objc; path = LunBoUITests.m; sourceTree = "<group>"; };
		D7EB77811D01203B0031D590 /* Info.plist */ = {isa = PBXFileReference; lastKnownFileType = text.plist.xml; path = Info.plist; sourceTree = "<group>"; };
/* End PBXFileReference section */

/* Begin PBXFrameworksBuildPhase section */
		D7EB77541D01203B0031D590 /* Frameworks */ = {
			isa = PBXFrameworksBuildPhase;
			buildActionMask = 2147483647;
			files = (
				D78D6EE71D0544860031839F /* MediaPlayer.framework in Frameworks */,
			);
			runOnlyForDeploymentPostprocessing = 0;
		};
		D7EB776D1D01203B0031D590 /* Frameworks */ = {
			isa = PBXFrameworksBuildPhase;
			buildActionMask = 2147483647;
			files = (
			);
			runOnlyForDeploymentPostprocessing = 0;
		};
		D7EB77781D01203B0031D590 /* Frameworks */ = {
			isa = PBXFrameworksBuildPhase;
			buildActionMask = 2147483647;
			files = (
			);
			runOnlyForDeploymentPostprocessing = 0;
		};
/* End PBXFrameworksBuildPhase section */

/* Begin PBXGroup section */
		D78D6EE81D0545800031839F /* Resource */ = {
			isa = PBXGroup;
			children = (
				D78D6EE91D0545800031839F /* 1.mp4 */,
				D78D6EEA1D0545800031839F /* 4_circle.png */,
				D78D6EEB1D0545800031839F /* 4_circle@2x.png */,
				D78D6EEC1D0545800031839F /* 4_circle_on@2x.png */,
				D78D6EED1D0545800031839F /* keep5.png */,
				D78D6EEE1D0545800031839F /* keep5@2x.png */,
				D78D6EEF1D0545800031839F /* keep6.png */,
				D78D6EF01D0545800031839F /* keep6@2x.png */,
				D78D6EF11D0545800031839F /* keep6plus@3x.png */,
				D78D6EF21D0545800031839F /* keep_logo.png */,
				D78D6EF31D0545800031839F /* keep_logo@2x.png */,
				D78D6EF41D0545800031839F /* keep_logo@3x.png */,
				D78D6EF51D0545800031839F /* keepkeep.png */,
				D78D6EF61D0545800031839F /* keepkeep@2x.png */,
				D78D6EF71D0545800031839F /* keepkeep@3x.png */,
			);
			path = Resource;
			sourceTree = "<group>";
		};
		D7EB774E1D01203B0031D590 = {
			isa = PBXGroup;
			children = (
				D78D6EE61D0544860031839F /* MediaPlayer.framework */,
				D7EB77591D01203B0031D590 /* KEEP */,
				D7EB77731D01203B0031D590 /* KEEPTests */,
				D7EB777E1D01203B0031D590 /* KEEPUITests */,
				D7EB77581D01203B0031D590 /* Products */,
			);
			sourceTree = "<group>";
		};
		D7EB77581D01203B0031D590 /* Products */ = {
			isa = PBXGroup;
			children = (
				D7EB77571D01203B0031D590 /* KEEP.app */,
				D7EB77701D01203B0031D590 /* KEEP.xctest */,
				D7EB777B1D01203B0031D590 /* KEEP.xctest */,
			);
			name = Products;
			sourceTree = "<group>";
		};
		D7EB77591D01203B0031D590 /* KEEP */ = {
			isa = PBXGroup;
			children = (
				D78D6EE81D0545800031839F /* Resource */,
				D7EB775D1D01203B0031D590 /* AppDelegate.h */,
				D7EB775E1D01203B0031D590 /* AppDelegate.m */,
				D7EB77601D01203B0031D590 /* ViewController.h */,
				D7EB77611D01203B0031D590 /* ViewController.m */,
				D7EB77631D01203B0031D590 /* Main.storyboard */,
				D7EB77661D01203B0031D590 /* Assets.xcassets */,
				D7EB77681D01203B0031D590 /* LaunchScreen.storyboard */,
				D7EB776B1D01203B0031D590 /* Info.plist */,
				D7EB775A1D01203B0031D590 /* Supporting Files */,
			);
			name = KEEP;
			path = LunBo;
			sourceTree = "<group>";
		};
		D7EB775A1D01203B0031D590 /* Supporting Files */ = {
			isa = PBXGroup;
			children = (
				D7EB775B1D01203B0031D590 /* main.m */,
			);
			name = "Supporting Files";
			sourceTree = "<group>";
		};
		D7EB77731D01203B0031D590 /* KEEPTests */ = {
			isa = PBXGroup;
			children = (
				D7EB77741D01203B0031D590 /* LunBoTests.m */,
				D7EB77761D01203B0031D590 /* Info.plist */,
			);
			name = KEEPTests;
			path = LunBoTests;
			sourceTree = "<group>";
		};
		D7EB777E1D01203B0031D590 /* KEEPUITests */ = {
			isa = PBXGroup;
			children = (
				D7EB777F1D01203B0031D590 /* LunBoUITests.m */,
				D7EB77811D01203B0031D590 /* Info.plist */,
			);
			name = KEEPUITests;
			path = LunBoUITests;
			sourceTree = "<group>";
		};
/* End PBXGroup section */

/* Begin PBXNativeTarget section */
		D7EB77561D01203B0031D590 /* KEEP */ = {
			isa = PBXNativeTarget;
			buildConfigurationList = D7EB77841D01203B0031D590 /* Build configuration list for PBXNativeTarget "KEEP" */;
			buildPhases = (
				D7EB77531D01203B0031D590 /* Sources */,
				D7EB77541D01203B0031D590 /* Frameworks */,
				D7EB77551D01203B0031D590 /* Resources */,
			);
			buildRules = (
			);
			dependencies = (
			);
			name = KEEP;
			productName = LunBo;
			productReference = D7EB77571D01203B0031D590 /* KEEP.app */;
			productType = "com.apple.product-type.application";
		};
		D7EB776F1D01203B0031D590 /* KEEPTests */ = {
			isa = PBXNativeTarget;
			buildConfigurationList = D7EB77871D01203B0031D590 /* Build configuration list for PBXNativeTarget "KEEPTests" */;
			buildPhases = (
				D7EB776C1D01203B0031D590 /* Sources */,
				D7EB776D1D01203B0031D590 /* Frameworks */,
				D7EB776E1D01203B0031D590 /* Resources */,
			);
			buildRules = (
			);
			dependencies = (
				D7EB77721D01203B0031D590 /* PBXTargetDependency */,
			);
			name = KEEPTests;
			productName = LunBoTests;
			productReference = D7EB77701D01203B0031D590 /* KEEP.xctest */;
			productType = "com.apple.product-type.bundle.unit-test";
		};
		D7EB777A1D01203B0031D590 /* KEEPUITests */ = {
			isa = PBXNativeTarget;
			buildConfigurationList = D7EB778A1D01203B0031D590 /* Build configuration list for PBXNativeTarget "KEEPUITests" */;
			buildPhases = (
				D7EB77771D01203B0031D590 /* Sources */,
				D7EB77781D01203B0031D590 /* Frameworks */,
				D7EB77791D01203B0031D590 /* Resources */,
			);
			buildRules = (
			);
			dependencies = (
				D7EB777D1D01203B0031D590 /* PBXTargetDependency */,
			);
			name = KEEPUITests;
			productName = LunBoUITests;
			productReference = D7EB777B1D01203B0031D590 /* KEEP.xctest */;
			productType = "com.apple.product-type.bundle.ui-testing";
		};
/* End PBXNativeTarget section */

/* Begin PBXProject section */
		D7EB774F1D01203B0031D590 /* Project object */ = {
			isa = PBXProject;
			attributes = {
				LastUpgradeCheck = 0720;
				ORGANIZATIONNAME = "donglian@eastunion.net";
				TargetAttributes = {
					D7EB77561D01203B0031D590 = {
						CreatedOnToolsVersion = 7.2.1;
					};
					D7EB776F1D01203B0031D590 = {
						CreatedOnToolsVersion = 7.2.1;
						TestTargetID = D7EB77561D01203B0031D590;
					};
					D7EB777A1D01203B0031D590 = {
						CreatedOnToolsVersion = 7.2.1;
						TestTargetID = D7EB77561D01203B0031D590;
					};
				};
			};
			buildConfigurationList = D7EB77521D01203B0031D590 /* Build configuration list for PBXProject "KEEP" */;
			compatibilityVersion = "Xcode 3.2";
			developmentRegion = English;
			hasScannedForEncodings = 0;
			knownRegions = (
				en,
				Base,
			);
			mainGroup = D7EB774E1D01203B0031D590;
			productRefGroup = D7EB77581D01203B0031D590 /* Products */;
			projectDirPath = "";
			projectRoot = "";
			targets = (
				D7EB77561D01203B0031D590 /* KEEP */,
				D7EB776F1D01203B0031D590 /* KEEPTests */,
				D7EB777A1D01203B0031D590 /* KEEPUITests */,
			);
		};
/* End PBXProject section */

/* Begin PBXResourcesBuildPhase section */
		D7EB77551D01203B0031D590 /* Resources */ = {
			isa = PBXResourcesBuildPhase;
			buildActionMask = 2147483647;
			files = (
				D78D6EF91D0545800031839F /* 4_circle.png in Resources */,
				D78D6F031D0545800031839F /* keep_logo@3x.png in Resources */,
				D78D6F011D0545800031839F /* keep_logo.png in Resources */,
				D78D6F001D0545800031839F /* keep6plus@3x.png in Resources */,
				D78D6EFF1D0545800031839F /* keep6@2x.png in Resources */,
				D7EB776A1D01203B0031D590 /* LaunchScreen.storyboard in Resources */,
				D78D6EF81D0545800031839F /* 1.mp4 in Resources */,
				D7EB77671D01203B0031D590 /* Assets.xcassets in Resources */,
				D78D6EFB1D0545800031839F /* 4_circle_on@2x.png in Resources */,
				D78D6F041D0545800031839F /* keepkeep.png in Resources */,
				D78D6F021D0545800031839F /* keep_logo@2x.png in Resources */,
				D78D6F051D0545800031839F /* keepkeep@2x.png in Resources */,
				D7EB77651D01203B0031D590 /* Main.storyboard in Resources */,
				D78D6EFD1D0545800031839F /* keep5@2x.png in Resources */,
				D78D6EFE1D0545800031839F /* keep6.png in Resources */,
				D78D6EFC1D0545800031839F /* keep5.png in Resources */,
				D78D6EFA1D0545800031839F /* 4_circle@2x.png in Resources */,
				D78D6F061D0545800031839F /* keepkeep@3x.png in Resources */,
			);
			runOnlyForDeploymentPostprocessing = 0;
		};
		D7EB776E1D01203B0031D590 /* Resources */ = {
			isa = PBXResourcesBuildPhase;
			buildActionMask = 2147483647;
			files = (
			);
			runOnlyForDeploymentPostprocessing = 0;
		};
		D7EB77791D01203B0031D590 /* Resources */ = {
			isa = PBXResourcesBuildPhase;
			buildActionMask = 2147483647;
			files = (
			);
			runOnlyForDeploymentPostprocessing = 0;
		};
/* End PBXResourcesBuildPhase section */

/* Begin PBXSourcesBuildPhase section */
		D7EB77531D01203B0031D590 /* Sources */ = {
			isa = PBXSourcesBuildPhase;
			buildActionMask = 2147483647;
			files = (
				D7EB77621D01203B0031D590 /* ViewController.m in Sources */,
				D7EB775F1D01203B0031D590 /* AppDelegate.m in Sources */,
				D7EB775C1D01203B0031D590 /* main.m in Sources */,
			);
			runOnlyForDeploymentPostprocessing = 0;
		};
		D7EB776C1D01203B0031D590 /* Sources */ = {
			isa = PBXSourcesBuildPhase;
			buildActionMask = 2147483647;
			files = (
				D7EB77751D01203B0031D590 /* LunBoTests.m in Sources */,
			);
			runOnlyForDeploymentPostprocessing = 0;
		};
		D7EB77771D01203B0031D590 /* Sources */ = {
			isa = PBXSourcesBuildPhase;
			buildActionMask = 2147483647;
			files = (
				D7EB77801D01203B0031D590 /* LunBoUITests.m in Sources */,
			);
			runOnlyForDeploymentPostprocessing = 0;
		};
/* End PBXSourcesBuildPhase section */

/* Begin PBXTargetDependency section */
		D7EB77721D01203B0031D590 /* PBXTargetDependency */ = {
			isa = PBXTargetDependency;
			target = D7EB77561D01203B0031D590 /* KEEP */;
			targetProxy = D7EB77711D01203B0031D590 /* PBXContainerItemProxy */;
		};
		D7EB777D1D01203B0031D590 /* PBXTargetDependency */ = {
			isa = PBXTargetDependency;
			target = D7EB77561D01203B0031D590 /* KEEP */;
			targetProxy = D7EB777C1D01203B0031D590 /* PBXContainerItemProxy */;
		};
/* End PBXTargetDependency section */

/* Begin PBXVariantGroup section */
		D7EB77631D01203B0031D590 /* Main.storyboard */ = {
			isa = PBXVariantGroup;
			children = (
				D7EB77641D01203B0031D590 /* Base */,
			);
			name = Main.storyboard;
			sourceTree = "<group>";
		};
		D7EB77681D01203B0031D590 /* LaunchScreen.storyboard */ = {
			isa = PBXVariantGroup;
			children = (
				D7EB77691D01203B0031D590 /* Base */,
			);
			name = LaunchScreen.storyboard;
			sourceTree = "<group>";
		};
/* End PBXVariantGroup section */

/* Begin XCBuildConfiguration section */
		D7EB77821D01203B0031D590 /* Debug */ = {
			isa = XCBuildConfiguration;
			buildSettings = {
				ALWAYS_SEARCH_USER_PATHS = NO;
				CLANG_CXX_LANGUAGE_STANDARD = "gnu++0x";
				CLANG_CXX_LIBRARY = "libc++";
				CLANG_ENABLE_MODULES = YES;
				CLANG_ENABLE_OBJC_ARC = YES;
				CLANG_WARN_BOOL_CONVERSION = YES;
				CLANG_WARN_CONSTANT_CONVERSION = YES;
				CLANG_WARN_DIRECT_OBJC_ISA_USAGE = YES_ERROR;
				CLANG_WARN_EMPTY_BODY = YES;
				CLANG_WARN_ENUM_CONVERSION = YES;
				CLANG_WARN_INT_CONVERSION = YES;
				CLANG_WARN_OBJC_ROOT_CLASS = YES_ERROR;
				CLANG_WARN_UNREACHABLE_CODE = YES;
				CLANG_WARN__DUPLICATE_METHOD_MATCH = YES;
				"CODE_SIGN_IDENTITY[sdk=iphoneos*]" = "iPhone Developer";
				COPY_PHASE_STRIP = NO;
				DEBUG_INFORMATION_FORMAT = dwarf;
				ENABLE_STRICT_OBJC_MSGSEND = YES;
				ENABLE_TESTABILITY = YES;
				GCC_C_LANGUAGE_STANDARD = gnu99;
				GCC_DYNAMIC_NO_PIC = NO;
				GCC_NO_COMMON_BLOCKS = YES;
				GCC_OPTIMIZATION_LEVEL = 0;
				GCC_PREPROCESSOR_DEFINITIONS = (
					"DEBUG=1",
					"$(inherited)",
				);
				GCC_WARN_64_TO_32_BIT_CONVERSION = YES;
				GCC_WARN_ABOUT_RETURN_TYPE = YES_ERROR;
				GCC_WARN_UNDECLARED_SELECTOR = YES;
				GCC_WARN_UNINITIALIZED_AUTOS = YES_AGGRESSIVE;
				GCC_WARN_UNUSED_FUNCTION = YES;
				GCC_WARN_UNUSED_VARIABLE = YES;
				IPHONEOS_DEPLOYMENT_TARGET = 9.2;
				MTL_ENABLE_DEBUG_INFO = YES;
				ONLY_ACTIVE_ARCH = YES;
				SDKROOT = iphoneos;
				TARGETED_DEVICE_FAMILY = "1,2";
			};
			name = Debug;
		};
		D7EB77831D01203B0031D590 /* Release */ = {
			isa = XCBuildConfiguration;
			buildSettings = {
				ALWAYS_SEARCH_USER_PATHS = NO;
				CLANG_CXX_LANGUAGE_STANDARD = "gnu++0x";
				CLANG_CXX_LIBRARY = "libc++";
				CLANG_ENABLE_MODULES = YES;
				CLANG_ENABLE_OBJC_ARC = YES;
				CLANG_WARN_BOOL_CONVERSION = YES;
				CLANG_WARN_CONSTANT_CONVERSION = YES;
				CLANG_WARN_DIRECT_OBJC_ISA_USAGE = YES_ERROR;
				CLANG_WARN_EMPTY_BODY = YES;
				CLANG_WARN_ENUM_CONVERSION = YES;
				CLANG_WARN_INT_CONVERSION = YES;
				CLANG_WARN_OBJC_ROOT_CLASS = YES_ERROR;
				CLANG_WARN_UNREACHABLE_CODE = YES;
				CLANG_WARN__DUPLICATE_METHOD_MATCH = YES;
				"CODE_SIGN_IDENTITY[sdk=iphoneos*]" = "iPhone Developer";
				COPY_PHASE_STRIP = NO;
				DEBUG_INFORMATION_FORMAT = "dwarf-with-dsym";
				ENABLE_NS_ASSERTIONS = NO;
				ENABLE_STRICT_OBJC_MSGSEND = YES;
				GCC_C_LANGUAGE_STANDARD = gnu99;
				GCC_NO_COMMON_BLOCKS = YES;
				GCC_WARN_64_TO_32_BIT_CONVERSION = YES;
				GCC_WARN_ABOUT_RETURN_TYPE = YES_ERROR;
				GCC_WARN_UNDECLARED_SELECTOR = YES;
				GCC_WARN_UNINITIALIZED_AUTOS = YES_AGGRESSIVE;
				GCC_WARN_UNUSED_FUNCTION = YES;
				GCC_WARN_UNUSED_VARIABLE = YES;
				IPHONEOS_DEPLOYMENT_TARGET = 9.2;
				MTL_ENABLE_DEBUG_INFO = NO;
				SDKROOT = iphoneos;
				TARGETED_DEVICE_FAMILY = "1,2";
				VALIDATE_PRODUCT = YES;
			};
			name = Release;
		};
		D7EB77851D01203B0031D590 /* Debug */ = {
			isa = XCBuildConfiguration;
			buildSettings = {
				ASSETCATALOG_COMPILER_APPICON_NAME = AppIcon;
				INFOPLIST_FILE = LunBo/Info.plist;
				IPHONEOS_DEPLOYMENT_TARGET = 8.0;
				LD_RUNPATH_SEARCH_PATHS = "$(inherited) @executable_path/Frameworks";
				PRODUCT_BUNDLE_IDENTIFIER = net.esatunion.LunBo;
				PRODUCT_NAME = KEEP;
			};
			name = Debug;
		};
		D7EB77861D01203B0031D590 /* Release */ = {
			isa = XCBuildConfiguration;
			buildSettings = {
				ASSETCATALOG_COMPILER_APPICON_NAME = AppIcon;
				INFOPLIST_FILE = LunBo/Info.plist;
				IPHONEOS_DEPLOYMENT_TARGET = 8.0;
				LD_RUNPATH_SEARCH_PATHS = "$(inherited) @executable_path/Frameworks";
				PRODUCT_BUNDLE_IDENTIFIER = net.esatunion.LunBo;
				PRODUCT_NAME = KEEP;
			};
			name = Release;
		};
		D7EB77881D01203B0031D590 /* Debug */ = {
			isa = XCBuildConfiguration;
			buildSettings = {
				BUNDLE_LOADER = "$(TEST_HOST)";
				INFOPLIST_FILE = LunBoTests/Info.plist;
				LD_RUNPATH_SEARCH_PATHS = "$(inherited) @executable_path/Frameworks @loader_path/Frameworks";
				PRODUCT_BUNDLE_IDENTIFIER = net.esatunion.LunBoTests;
				PRODUCT_NAME = KEEP;
				TEST_HOST = "$(BUILT_PRODUCTS_DIR)/KEEP.app/KEEP";
			};
			name = Debug;
		};
		D7EB77891D01203B0031D590 /* Release */ = {
			isa = XCBuildConfiguration;
			buildSettings = {
				BUNDLE_LOADER = "$(TEST_HOST)";
				INFOPLIST_FILE = LunBoTests/Info.plist;
				LD_RUNPATH_SEARCH_PATHS = "$(inherited) @executable_path/Frameworks @loader_path/Frameworks";
				PRODUCT_BUNDLE_IDENTIFIER = net.esatunion.LunBoTests;
				PRODUCT_NAME = KEEP;
				TEST_HOST = "$(BUILT_PRODUCTS_DIR)/KEEP.app/KEEP";
			};
			name = Release;
		};
		D7EB778B1D01203B0031D590 /* Debug */ = {
			isa = XCBuildConfiguration;
			buildSettings = {
				INFOPLIST_FILE = LunBoUITests/Info.plist;
				LD_RUNPATH_SEARCH_PATHS = "$(inherited) @executable_path/Frameworks @loader_path/Frameworks";
				PRODUCT_BUNDLE_IDENTIFIER = net.esatunion.LunBoUITests;
				PRODUCT_NAME = KEEP;
				TEST_TARGET_NAME = LunBo;
				USES_XCTRUNNER = YES;
			};
			name = Debug;
		};
		D7EB778C1D01203B0031D590 /* Release */ = {
			isa = XCBuildConfiguration;
			buildSettings = {
				INFOPLIST_FILE = LunBoUITests/Info.plist;
				LD_RUNPATH_SEARCH_PATHS = "$(inherited) @executable_path/Frameworks @loader_path/Frameworks";
				PRODUCT_BUNDLE_IDENTIFIER = net.esatunion.LunBoUITests;
				PRODUCT_NAME = KEEP;
				TEST_TARGET_NAME = LunBo;
				USES_XCTRUNNER = YES;
			};
			name = Release;
		};
/* End XCBuildConfiguration section */

/* Begin XCConfigurationList section */
		D7EB77521D01203B0031D590 /* Build configuration list for PBXProject "KEEP" */ = {
			isa = XCConfigurationList;
			buildConfigurations = (
				D7EB77821D01203B0031D590 /* Debug */,
				D7EB77831D01203B0031D590 /* Release */,
			);
			defaultConfigurationIsVisible = 0;
			defaultConfigurationName = Release;
		};
		D7EB77841D01203B0031D590 /* Build configuration list for PBXNativeTarget "KEEP" */ = {
			isa = XCConfigurationList;
			buildConfigurations = (
				D7EB77851D01203B0031D590 /* Debug */,
				D7EB77861D01203B0031D590 /* Release */,
			);
			defaultConfigurationIsVisible = 0;
			defaultConfigurationName = Release;
		};
		D7EB77871D01203B0031D590 /* Build configuration list for PBXNativeTarget "KEEPTests" */ = {
			isa = XCConfigurationList;
			buildConfigurations = (
				D7EB77881D01203B0031D590 /* Debug */,
				D7EB77891D01203B0031D590 /* Release */,
			);
			defaultConfigurationIsVisible = 0;
			defaultConfigurationName = Release;
		};
		D7EB778A1D01203B0031D590 /* Build configuration list for PBXNativeTarget "KEEPUITests" */ = {
			isa = XCConfigurationList;
			buildConfigurations = (
				D7EB778B1D01203B0031D590 /* Debug */,
				D7EB778C1D01203B0031D590 /* Release */,
			);
			defaultConfigurationIsVisible = 0;
			defaultConfigurationName = Release;
		};
/* End XCConfigurationList section */
	};
	rootObject = D7EB774F1D01203B0031D590 /* Project object */;
}
